// !$*UTF8*$!
{
	archiveVersion = 1;
	classes = {
	};
	objectVersion = 55;
	objects = {

/* Begin PBXBuildFile section */
		E002E2B227789EC000A7A1C5 /* SettingProperty.swift in Sources */ = {isa = PBXBuildFile; fileRef = E002E2B127789EC000A7A1C5 /* SettingProperty.swift */; };
		E002E2B327789EC000A7A1C5 /* SettingProperty.swift in Sources */ = {isa = PBXBuildFile; fileRef = E002E2B127789EC000A7A1C5 /* SettingProperty.swift */; };
		E002E2B527789F7800A7A1C5 /* Setting.swift in Sources */ = {isa = PBXBuildFile; fileRef = E002E2B427789F7800A7A1C5 /* Setting.swift */; };
		E002E2B627789F7800A7A1C5 /* Setting.swift in Sources */ = {isa = PBXBuildFile; fileRef = E002E2B427789F7800A7A1C5 /* Setting.swift */; };
		E002E2B82778B04700A7A1C5 /* TemplateScreen.swift in Sources */ = {isa = PBXBuildFile; fileRef = E002E2B72778B04700A7A1C5 /* TemplateScreen.swift */; };
		E002E2B92778B04700A7A1C5 /* TemplateScreen.swift in Sources */ = {isa = PBXBuildFile; fileRef = E002E2B72778B04700A7A1C5 /* TemplateScreen.swift */; };
		E002E2BB2778B04F00A7A1C5 /* AddTemplateScreen.swift in Sources */ = {isa = PBXBuildFile; fileRef = E002E2BA2778B04F00A7A1C5 /* AddTemplateScreen.swift */; };
		E002E2BC2778B04F00A7A1C5 /* AddTemplateScreen.swift in Sources */ = {isa = PBXBuildFile; fileRef = E002E2BA2778B04F00A7A1C5 /* AddTemplateScreen.swift */; };
		E002E2BF2778B17E00A7A1C5 /* AddTemplateViewModel.swift in Sources */ = {isa = PBXBuildFile; fileRef = E002E2BE2778B17E00A7A1C5 /* AddTemplateViewModel.swift */; };
		E002E2C02778B17E00A7A1C5 /* AddTemplateViewModel.swift in Sources */ = {isa = PBXBuildFile; fileRef = E002E2BE2778B17E00A7A1C5 /* AddTemplateViewModel.swift */; };
		E0050C2C2778005A00396C36 /* PostEndpoint.swift in Sources */ = {isa = PBXBuildFile; fileRef = E0050C2B2778005A00396C36 /* PostEndpoint.swift */; };
		E0050C2E2778006600396C36 /* GetEndpoint.swift in Sources */ = {isa = PBXBuildFile; fileRef = E0050C2D2778006600396C36 /* GetEndpoint.swift */; };
		E0050C302778006C00396C36 /* UpdateEndpoint.swift in Sources */ = {isa = PBXBuildFile; fileRef = E0050C2F2778006C00396C36 /* UpdateEndpoint.swift */; };
		E0050C322778007600396C36 /* DeleteEndpoint.swift in Sources */ = {isa = PBXBuildFile; fileRef = E0050C312778007600396C36 /* DeleteEndpoint.swift */; };
		E0050C362778058400396C36 /* TextField.swift in Sources */ = {isa = PBXBuildFile; fileRef = E0050C352778058400396C36 /* TextField.swift */; };
		E006435A27740F7000B5108D /* SummaryViewModel.swift in Sources */ = {isa = PBXBuildFile; fileRef = E006435927740F7000B5108D /* SummaryViewModel.swift */; };
		E006435C27740F8C00B5108D /* GlobalDataViewModel.swift in Sources */ = {isa = PBXBuildFile; fileRef = E006435B27740F8C00B5108D /* GlobalDataViewModel.swift */; };
		E006AA302770175A00980302 /* SummaryScreen.swift in Sources */ = {isa = PBXBuildFile; fileRef = E006AA2F2770175A00980302 /* SummaryScreen.swift */; };
		E006AA312770175A00980302 /* SummaryScreen.swift in Sources */ = {isa = PBXBuildFile; fileRef = E006AA2F2770175A00980302 /* SummaryScreen.swift */; };
		E006AA342770179E00980302 /* ExpenseScreen.swift in Sources */ = {isa = PBXBuildFile; fileRef = E006AA332770179E00980302 /* ExpenseScreen.swift */; };
		E006AA352770179E00980302 /* ExpenseScreen.swift in Sources */ = {isa = PBXBuildFile; fileRef = E006AA332770179E00980302 /* ExpenseScreen.swift */; };
		E00B168F27C5CC260030C7B0 /* ReadCoreData.swift in Sources */ = {isa = PBXBuildFile; fileRef = E00B168E27C5CC260030C7B0 /* ReadCoreData.swift */; };
		E00B169127C5CC3A0030C7B0 /* CreateCoreData.swift in Sources */ = {isa = PBXBuildFile; fileRef = E00B169027C5CC3A0030C7B0 /* CreateCoreData.swift */; };
		E00B169327C5CC430030C7B0 /* UpdateCoreData.swift in Sources */ = {isa = PBXBuildFile; fileRef = E00B169227C5CC430030C7B0 /* UpdateCoreData.swift */; };
		E00B169527C5CC4F0030C7B0 /* DeleteCoreData.swift in Sources */ = {isa = PBXBuildFile; fileRef = E00B169427C5CC4F0030C7B0 /* DeleteCoreData.swift */; };
		E00B169727C5CF750030C7B0 /* CoreDataMapper.swift in Sources */ = {isa = PBXBuildFile; fileRef = E00B169627C5CF750030C7B0 /* CoreDataMapper.swift */; };
		E00E1C452782250C0042496F /* MultiSelectPickerView.swift in Sources */ = {isa = PBXBuildFile; fileRef = E00E1C442782250C0042496F /* MultiSelectPickerView.swift */; };
		E00E1C462782250C0042496F /* MultiSelectPickerView.swift in Sources */ = {isa = PBXBuildFile; fileRef = E00E1C442782250C0042496F /* MultiSelectPickerView.swift */; };
		E0107A3F277457EA00825484 /* TypeScreen.swift in Sources */ = {isa = PBXBuildFile; fileRef = E0107A3E277457EA00825484 /* TypeScreen.swift */; };
		E0107A40277457EA00825484 /* TypeScreen.swift in Sources */ = {isa = PBXBuildFile; fileRef = E0107A3E277457EA00825484 /* TypeScreen.swift */; };
		E01A2A672776B3CF002E685F /* AddIncomeScreen.swift in Sources */ = {isa = PBXBuildFile; fileRef = E01A2A662776B3CF002E685F /* AddIncomeScreen.swift */; };
		E01A2A6C2776B41E002E685F /* AddIncomeViewModel.swift in Sources */ = {isa = PBXBuildFile; fileRef = E01A2A6B2776B41E002E685F /* AddIncomeViewModel.swift */; };
		E01A2A6E2776B427002E685F /* AddTypeViewModel.swift in Sources */ = {isa = PBXBuildFile; fileRef = E01A2A6D2776B427002E685F /* AddTypeViewModel.swift */; };
		E01A2A702776B433002E685F /* YearMonthCheck.swift in Sources */ = {isa = PBXBuildFile; fileRef = E01A2A6F2776B433002E685F /* YearMonthCheck.swift */; };
		E01A2A772776B46E002E685F /* AddTypeScreen.swift in Sources */ = {isa = PBXBuildFile; fileRef = E01A2A762776B46E002E685F /* AddTypeScreen.swift */; };
		E01A4EB927C66F6000654E13 /* DummyTwoScreen.swift in Sources */ = {isa = PBXBuildFile; fileRef = E01A4EB827C66F6000654E13 /* DummyTwoScreen.swift */; };
		E02830B82782B1FF001E8B51 /* FormulaProperty.swift in Sources */ = {isa = PBXBuildFile; fileRef = E02830B72782B1FF001E8B51 /* FormulaProperty.swift */; };
		E02830B92782B1FF001E8B51 /* FormulaProperty.swift in Sources */ = {isa = PBXBuildFile; fileRef = E02830B72782B1FF001E8B51 /* FormulaProperty.swift */; };
		E031E2D4277DE67500DD449B /* RoolupProperty.swift in Sources */ = {isa = PBXBuildFile; fileRef = E031E2D3277DE67500DD449B /* RoolupProperty.swift */; };
		E031E2D5277DE67500DD449B /* RoolupProperty.swift in Sources */ = {isa = PBXBuildFile; fileRef = E031E2D3277DE67500DD449B /* RoolupProperty.swift */; };
		E03C701D2792EFA6005D6CDB /* SelectUsercreen.swift in Sources */ = {isa = PBXBuildFile; fileRef = E03C701C2792EFA6005D6CDB /* SelectUsercreen.swift */; };
		E03C701E2792EFA6005D6CDB /* SelectUsercreen.swift in Sources */ = {isa = PBXBuildFile; fileRef = E03C701C2792EFA6005D6CDB /* SelectUsercreen.swift */; };
		E03C70202792F044005D6CDB /* SelectUserViewModel.swift in Sources */ = {isa = PBXBuildFile; fileRef = E03C701F2792F044005D6CDB /* SelectUserViewModel.swift */; };
		E03C70212792F044005D6CDB /* SelectUserViewModel.swift in Sources */ = {isa = PBXBuildFile; fileRef = E03C701F2792F044005D6CDB /* SelectUserViewModel.swift */; };
		E03C7023279300C5005D6CDB /* HideKeyboardAppWide.swift in Sources */ = {isa = PBXBuildFile; fileRef = E03C7022279300C5005D6CDB /* HideKeyboardAppWide.swift */; };
		E03C7024279300C5005D6CDB /* HideKeyboardAppWide.swift in Sources */ = {isa = PBXBuildFile; fileRef = E03C7022279300C5005D6CDB /* HideKeyboardAppWide.swift */; };
		E03FC18C277837620019F01D /* ViewModifier.swift in Sources */ = {isa = PBXBuildFile; fileRef = E03FC18B277837620019F01D /* ViewModifier.swift */; };
		E03FC18D277837620019F01D /* ViewModifier.swift in Sources */ = {isa = PBXBuildFile; fileRef = E03FC18B277837620019F01D /* ViewModifier.swift */; };
		E08178C2277087D100F358D9 /* ExpenseViewModel.swift in Sources */ = {isa = PBXBuildFile; fileRef = E08178C1277087D100F358D9 /* ExpenseViewModel.swift */; };
		E08178C427708FFC00F358D9 /* IncomeViewModel.swift in Sources */ = {isa = PBXBuildFile; fileRef = E08178C327708FFC00F358D9 /* IncomeViewModel.swift */; };
		E08178C62770900900F358D9 /* YearMonthViewModel.swift in Sources */ = {isa = PBXBuildFile; fileRef = E08178C52770900900F358D9 /* YearMonthViewModel.swift */; };
		E08178C82770901000F358D9 /* TypeViewModel.swift in Sources */ = {isa = PBXBuildFile; fileRef = E08178C72770901000F358D9 /* TypeViewModel.swift */; };
		E08178CA2770903000F358D9 /* IncomeScreen.swift in Sources */ = {isa = PBXBuildFile; fileRef = E08178C92770903000F358D9 /* IncomeScreen.swift */; };
		E08178CF2770959C00F358D9 /* YearMonthScreen.swift in Sources */ = {isa = PBXBuildFile; fileRef = E08178CE2770959C00F358D9 /* YearMonthScreen.swift */; };
		E08DD5062778BAEF001DB5F0 /* TemplateViewModel.swift in Sources */ = {isa = PBXBuildFile; fileRef = E08DD5052778BAEF001DB5F0 /* TemplateViewModel.swift */; };
		E08DD5072778BAEF001DB5F0 /* TemplateViewModel.swift in Sources */ = {isa = PBXBuildFile; fileRef = E08DD5052778BAEF001DB5F0 /* TemplateViewModel.swift */; };
		E09030BF27781FBC003ED6B5 /* YearMonthScreen.swift in Sources */ = {isa = PBXBuildFile; fileRef = E08178CE2770959C00F358D9 /* YearMonthScreen.swift */; };
		E09030C027781FBF003ED6B5 /* IncomeScreen.swift in Sources */ = {isa = PBXBuildFile; fileRef = E08178C92770903000F358D9 /* IncomeScreen.swift */; };
		E09030C127781FC2003ED6B5 /* AddIncomeScreen.swift in Sources */ = {isa = PBXBuildFile; fileRef = E01A2A662776B3CF002E685F /* AddIncomeScreen.swift */; };
		E09030C227781FD1003ED6B5 /* AddTypeScreen.swift in Sources */ = {isa = PBXBuildFile; fileRef = E01A2A762776B46E002E685F /* AddTypeScreen.swift */; };
		E09030C327781FD5003ED6B5 /* TextField.swift in Sources */ = {isa = PBXBuildFile; fileRef = E0050C352778058400396C36 /* TextField.swift */; };
		E09030C427781FD8003ED6B5 /* AddTypeViewModel.swift in Sources */ = {isa = PBXBuildFile; fileRef = E01A2A6D2776B427002E685F /* AddTypeViewModel.swift */; };
		E09030C527781FE0003ED6B5 /* AddExpenseViewModel.swift in Sources */ = {isa = PBXBuildFile; fileRef = E0F617EF277175AD00C546B7 /* AddExpenseViewModel.swift */; };
		E09030C627781FE0003ED6B5 /* YearMonthCheck.swift in Sources */ = {isa = PBXBuildFile; fileRef = E01A2A6F2776B433002E685F /* YearMonthCheck.swift */; };
		E09030C727781FE0003ED6B5 /* SummaryViewModel.swift in Sources */ = {isa = PBXBuildFile; fileRef = E006435927740F7000B5108D /* SummaryViewModel.swift */; };
		E09030C827781FE0003ED6B5 /* IncomeViewModel.swift in Sources */ = {isa = PBXBuildFile; fileRef = E08178C327708FFC00F358D9 /* IncomeViewModel.swift */; };
		E09030C927781FE0003ED6B5 /* AddIncomeViewModel.swift in Sources */ = {isa = PBXBuildFile; fileRef = E01A2A6B2776B41E002E685F /* AddIncomeViewModel.swift */; };
		E09030CA27781FE0003ED6B5 /* YearMonthViewModel.swift in Sources */ = {isa = PBXBuildFile; fileRef = E08178C52770900900F358D9 /* YearMonthViewModel.swift */; };
		E09030CB27781FE0003ED6B5 /* TypeViewModel.swift in Sources */ = {isa = PBXBuildFile; fileRef = E08178C72770901000F358D9 /* TypeViewModel.swift */; };
		E09030CC27781FE0003ED6B5 /* GlobalDataViewModel.swift in Sources */ = {isa = PBXBuildFile; fileRef = E006435B27740F8C00B5108D /* GlobalDataViewModel.swift */; };
		E09030CD27781FE0003ED6B5 /* ExpenseViewModel.swift in Sources */ = {isa = PBXBuildFile; fileRef = E08178C1277087D100F358D9 /* ExpenseViewModel.swift */; };
		E09030CE27781FF0003ED6B5 /* ExpenseProperty.swift in Sources */ = {isa = PBXBuildFile; fileRef = E0D6EF222770232700DF12AD /* ExpenseProperty.swift */; };
		E09030CF27781FF0003ED6B5 /* Income.swift in Sources */ = {isa = PBXBuildFile; fileRef = E097D70D2770731C0093F5DA /* Income.swift */; };
		E09030D027781FF0003ED6B5 /* TypeProperty.swift in Sources */ = {isa = PBXBuildFile; fileRef = E0D6EF342770266000DF12AD /* TypeProperty.swift */; };
		E09030D127781FF0003ED6B5 /* YearMonthProperty.swift in Sources */ = {isa = PBXBuildFile; fileRef = E0D6EF162770201B00DF12AD /* YearMonthProperty.swift */; };
		E09030D227781FF0003ED6B5 /* Expense.swift in Sources */ = {isa = PBXBuildFile; fileRef = E097D70F277073220093F5DA /* Expense.swift */; };
		E09030D327781FF0003ED6B5 /* YearMonth.swift in Sources */ = {isa = PBXBuildFile; fileRef = E097D70B2770722E0093F5DA /* YearMonth.swift */; };
		E09030D427781FF0003ED6B5 /* IncomeProperty.swift in Sources */ = {isa = PBXBuildFile; fileRef = E0D6EF312770259F00DF12AD /* IncomeProperty.swift */; };
		E09030D527781FF0003ED6B5 /* TypeModel.swift in Sources */ = {isa = PBXBuildFile; fileRef = E097D711277073760093F5DA /* TypeModel.swift */; };
		E09030D627781FF0003ED6B5 /* DefaultResponse.swift in Sources */ = {isa = PBXBuildFile; fileRef = E0D6EF1327701C1A00DF12AD /* DefaultResponse.swift */; };
		E09030D727781FF7003ED6B5 /* GetEndpoint.swift in Sources */ = {isa = PBXBuildFile; fileRef = E0050C2D2778006600396C36 /* GetEndpoint.swift */; };
		E09030D827781FF7003ED6B5 /* Mapper.swift in Sources */ = {isa = PBXBuildFile; fileRef = E097D713277074BB0093F5DA /* Mapper.swift */; };
		E09030D927781FF7003ED6B5 /* PostEndpoint.swift in Sources */ = {isa = PBXBuildFile; fileRef = E0050C2B2778005A00396C36 /* PostEndpoint.swift */; };
		E09030DA27781FF7003ED6B5 /* DeleteEndpoint.swift in Sources */ = {isa = PBXBuildFile; fileRef = E0050C312778007600396C36 /* DeleteEndpoint.swift */; };
		E09030DB27781FF7003ED6B5 /* UpdateEndpoint.swift in Sources */ = {isa = PBXBuildFile; fileRef = E0050C2F2778006C00396C36 /* UpdateEndpoint.swift */; };
		E09030DC27781FF7003ED6B5 /* Networking.swift in Sources */ = {isa = PBXBuildFile; fileRef = E0D6EF37277028CB00DF12AD /* Networking.swift */; };
		E097D70C2770722E0093F5DA /* YearMonth.swift in Sources */ = {isa = PBXBuildFile; fileRef = E097D70B2770722E0093F5DA /* YearMonth.swift */; };
		E097D70E2770731C0093F5DA /* Income.swift in Sources */ = {isa = PBXBuildFile; fileRef = E097D70D2770731C0093F5DA /* Income.swift */; };
		E097D710277073220093F5DA /* Expense.swift in Sources */ = {isa = PBXBuildFile; fileRef = E097D70F277073220093F5DA /* Expense.swift */; };
		E097D712277073760093F5DA /* TypeModel.swift in Sources */ = {isa = PBXBuildFile; fileRef = E097D711277073760093F5DA /* TypeModel.swift */; };
		E097D714277074BB0093F5DA /* Mapper.swift in Sources */ = {isa = PBXBuildFile; fileRef = E097D713277074BB0093F5DA /* Mapper.swift */; };
		E0A9C12227B917A30003F7E4 /* CheckmarkProperty.swift in Sources */ = {isa = PBXBuildFile; fileRef = E0A9C12127B917A30003F7E4 /* CheckmarkProperty.swift */; };
		E0A9C12327B917A30003F7E4 /* CheckmarkProperty.swift in Sources */ = {isa = PBXBuildFile; fileRef = E0A9C12127B917A30003F7E4 /* CheckmarkProperty.swift */; };
		E0B9C33027C4D91800D8BBE3 /* CoreDataManager.swift in Sources */ = {isa = PBXBuildFile; fileRef = E0B9C32F27C4D91800D8BBE3 /* CoreDataManager.swift */; };
		E0B9C33527C4DB3400D8BBE3 /* DummyScreen.swift in Sources */ = {isa = PBXBuildFile; fileRef = E0B9C33427C4DB3400D8BBE3 /* DummyScreen.swift */; };
		E0BF3AA1276F566B00FC902E /* Tests_iOS.swift in Sources */ = {isa = PBXBuildFile; fileRef = E0BF3AA0276F566B00FC902E /* Tests_iOS.swift */; };
		E0BF3AA3276F566B00FC902E /* Tests_iOSLaunchTests.swift in Sources */ = {isa = PBXBuildFile; fileRef = E0BF3AA2276F566B00FC902E /* Tests_iOSLaunchTests.swift */; };
		E0BF3AAD276F566B00FC902E /* Tests_macOS.swift in Sources */ = {isa = PBXBuildFile; fileRef = E0BF3AAC276F566B00FC902E /* Tests_macOS.swift */; };
		E0BF3AAF276F566B00FC902E /* Tests_macOSLaunchTests.swift in Sources */ = {isa = PBXBuildFile; fileRef = E0BF3AAE276F566B00FC902E /* Tests_macOSLaunchTests.swift */; };
		E0BF3AB0276F566B00FC902E /* ExpenseTracker.xcdatamodeld in Sources */ = {isa = PBXBuildFile; fileRef = E0BF3A85276F566B00FC902E /* ExpenseTracker.xcdatamodeld */; };
		E0BF3AB1276F566B00FC902E /* ExpenseTracker.xcdatamodeld in Sources */ = {isa = PBXBuildFile; fileRef = E0BF3A85276F566B00FC902E /* ExpenseTracker.xcdatamodeld */; };
		E0BF3AB2276F566B00FC902E /* ExpenseTrackerApp.swift in Sources */ = {isa = PBXBuildFile; fileRef = E0BF3A87276F566B00FC902E /* ExpenseTrackerApp.swift */; };
		E0BF3AB3276F566B00FC902E /* ExpenseTrackerApp.swift in Sources */ = {isa = PBXBuildFile; fileRef = E0BF3A87276F566B00FC902E /* ExpenseTrackerApp.swift */; };
		E0BF3AB4276F566B00FC902E /* ContentView.swift in Sources */ = {isa = PBXBuildFile; fileRef = E0BF3A88276F566B00FC902E /* ContentView.swift */; };
		E0BF3AB5276F566B00FC902E /* ContentView.swift in Sources */ = {isa = PBXBuildFile; fileRef = E0BF3A88276F566B00FC902E /* ContentView.swift */; };
		E0BF3AB6276F566B00FC902E /* Persistence.swift in Sources */ = {isa = PBXBuildFile; fileRef = E0BF3A89276F566B00FC902E /* Persistence.swift */; };
		E0BF3AB7276F566B00FC902E /* Persistence.swift in Sources */ = {isa = PBXBuildFile; fileRef = E0BF3A89276F566B00FC902E /* Persistence.swift */; };
		E0BF3AB8276F566B00FC902E /* Assets.xcassets in Resources */ = {isa = PBXBuildFile; fileRef = E0BF3A8A276F566B00FC902E /* Assets.xcassets */; };
		E0BF3AB9276F566B00FC902E /* Assets.xcassets in Resources */ = {isa = PBXBuildFile; fileRef = E0BF3A8A276F566B00FC902E /* Assets.xcassets */; };
		E0BF3ACA276F575F00FC902E /* README.md in Resources */ = {isa = PBXBuildFile; fileRef = E0BF3AC8276F575F00FC902E /* README.md */; };
		E0BF3ACB276F575F00FC902E /* .gitignore in Resources */ = {isa = PBXBuildFile; fileRef = E0BF3AC9276F575F00FC902E /* .gitignore */; };
		E0D6EF0A27701B1400DF12AD /* AddExpenseScreen.swift in Sources */ = {isa = PBXBuildFile; fileRef = E0D6EF0927701B1400DF12AD /* AddExpenseScreen.swift */; };
		E0D6EF0B27701B1400DF12AD /* AddExpenseScreen.swift in Sources */ = {isa = PBXBuildFile; fileRef = E0D6EF0927701B1400DF12AD /* AddExpenseScreen.swift */; };
		E0D6EF1427701C1A00DF12AD /* DefaultResponse.swift in Sources */ = {isa = PBXBuildFile; fileRef = E0D6EF1327701C1A00DF12AD /* DefaultResponse.swift */; };
		E0D6EF172770201B00DF12AD /* YearMonthProperty.swift in Sources */ = {isa = PBXBuildFile; fileRef = E0D6EF162770201B00DF12AD /* YearMonthProperty.swift */; };
		E0D6EF1D277021F000DF12AD /* SelectProperty.swift in Sources */ = {isa = PBXBuildFile; fileRef = E0D6EF1C277021F000DF12AD /* SelectProperty.swift */; };
		E0D6EF1E277021F000DF12AD /* SelectProperty.swift in Sources */ = {isa = PBXBuildFile; fileRef = E0D6EF1C277021F000DF12AD /* SelectProperty.swift */; };
		E0D6EF20277021F800DF12AD /* TextProperty.swift in Sources */ = {isa = PBXBuildFile; fileRef = E0D6EF1F277021F800DF12AD /* TextProperty.swift */; };
		E0D6EF21277021F800DF12AD /* TextProperty.swift in Sources */ = {isa = PBXBuildFile; fileRef = E0D6EF1F277021F800DF12AD /* TextProperty.swift */; };
		E0D6EF232770232700DF12AD /* ExpenseProperty.swift in Sources */ = {isa = PBXBuildFile; fileRef = E0D6EF222770232700DF12AD /* ExpenseProperty.swift */; };
		E0D6EF26277023CB00DF12AD /* NumberProperty.swift in Sources */ = {isa = PBXBuildFile; fileRef = E0D6EF25277023CB00DF12AD /* NumberProperty.swift */; };
		E0D6EF27277023CB00DF12AD /* NumberProperty.swift in Sources */ = {isa = PBXBuildFile; fileRef = E0D6EF25277023CB00DF12AD /* NumberProperty.swift */; };
		E0D6EF2C277023FE00DF12AD /* DateProperty.swift in Sources */ = {isa = PBXBuildFile; fileRef = E0D6EF2B277023FE00DF12AD /* DateProperty.swift */; };
		E0D6EF2D277023FE00DF12AD /* DateProperty.swift in Sources */ = {isa = PBXBuildFile; fileRef = E0D6EF2B277023FE00DF12AD /* DateProperty.swift */; };
		E0D6EF2F2770240900DF12AD /* RelationProperty.swift in Sources */ = {isa = PBXBuildFile; fileRef = E0D6EF2E2770240900DF12AD /* RelationProperty.swift */; };
		E0D6EF302770240900DF12AD /* RelationProperty.swift in Sources */ = {isa = PBXBuildFile; fileRef = E0D6EF2E2770240900DF12AD /* RelationProperty.swift */; };
		E0D6EF322770259F00DF12AD /* IncomeProperty.swift in Sources */ = {isa = PBXBuildFile; fileRef = E0D6EF312770259F00DF12AD /* IncomeProperty.swift */; };
		E0D6EF352770266000DF12AD /* TypeProperty.swift in Sources */ = {isa = PBXBuildFile; fileRef = E0D6EF342770266000DF12AD /* TypeProperty.swift */; };
		E0D6EF38277028CB00DF12AD /* Networking.swift in Sources */ = {isa = PBXBuildFile; fileRef = E0D6EF37277028CB00DF12AD /* Networking.swift */; };
		E0D6EF3C27702DE400DF12AD /* Extension.swift in Sources */ = {isa = PBXBuildFile; fileRef = E0D6EF3B27702DE400DF12AD /* Extension.swift */; };
		E0D6EF3D27702DE400DF12AD /* Extension.swift in Sources */ = {isa = PBXBuildFile; fileRef = E0D6EF3B27702DE400DF12AD /* Extension.swift */; };
		E0F617F0277175AD00C546B7 /* AddExpenseViewModel.swift in Sources */ = {isa = PBXBuildFile; fileRef = E0F617EF277175AD00C546B7 /* AddExpenseViewModel.swift */; };
		E0F9E824277977790082B310 /* ErrorMessage.swift in Sources */ = {isa = PBXBuildFile; fileRef = E0F9E823277977790082B310 /* ErrorMessage.swift */; };
		E0F9E825277977790082B310 /* ErrorMessage.swift in Sources */ = {isa = PBXBuildFile; fileRef = E0F9E823277977790082B310 /* ErrorMessage.swift */; };
		E0F9E82727797BC60082B310 /* Validation.swift in Sources */ = {isa = PBXBuildFile; fileRef = E0F9E82627797BC60082B310 /* Validation.swift */; };
		E0F9E82827797BC60082B310 /* Validation.swift in Sources */ = {isa = PBXBuildFile; fileRef = E0F9E82627797BC60082B310 /* Validation.swift */; };
/* End PBXBuildFile section */

/* Begin PBXContainerItemProxy section */
		E0BF3A9D276F566B00FC902E /* PBXContainerItemProxy */ = {
			isa = PBXContainerItemProxy;
			containerPortal = E0BF3A80276F566A00FC902E /* Project object */;
			proxyType = 1;
			remoteGlobalIDString = E0BF3A8E276F566B00FC902E;
			remoteInfo = "ExpenseTracker (iOS)";
		};
		E0BF3AA9276F566B00FC902E /* PBXContainerItemProxy */ = {
			isa = PBXContainerItemProxy;
			containerPortal = E0BF3A80276F566A00FC902E /* Project object */;
			proxyType = 1;
			remoteGlobalIDString = E0BF3A94276F566B00FC902E;
			remoteInfo = "ExpenseTracker (macOS)";
		};
/* End PBXContainerItemProxy section */

/* Begin PBXFileReference section */
		E002E2B127789EC000A7A1C5 /* SettingProperty.swift */ = {isa = PBXFileReference; lastKnownFileType = sourcecode.swift; path = SettingProperty.swift; sourceTree = "<group>"; };
		E002E2B427789F7800A7A1C5 /* Setting.swift */ = {isa = PBXFileReference; lastKnownFileType = sourcecode.swift; path = Setting.swift; sourceTree = "<group>"; };
		E002E2B72778B04700A7A1C5 /* TemplateScreen.swift */ = {isa = PBXFileReference; lastKnownFileType = sourcecode.swift; path = TemplateScreen.swift; sourceTree = "<group>"; };
		E002E2BA2778B04F00A7A1C5 /* AddTemplateScreen.swift */ = {isa = PBXFileReference; lastKnownFileType = sourcecode.swift; path = AddTemplateScreen.swift; sourceTree = "<group>"; };
		E002E2BE2778B17E00A7A1C5 /* AddTemplateViewModel.swift */ = {isa = PBXFileReference; lastKnownFileType = sourcecode.swift; path = AddTemplateViewModel.swift; sourceTree = "<group>"; };
		E0050C2B2778005A00396C36 /* PostEndpoint.swift */ = {isa = PBXFileReference; lastKnownFileType = sourcecode.swift; path = PostEndpoint.swift; sourceTree = "<group>"; };
		E0050C2D2778006600396C36 /* GetEndpoint.swift */ = {isa = PBXFileReference; lastKnownFileType = sourcecode.swift; path = GetEndpoint.swift; sourceTree = "<group>"; };
		E0050C2F2778006C00396C36 /* UpdateEndpoint.swift */ = {isa = PBXFileReference; lastKnownFileType = sourcecode.swift; path = UpdateEndpoint.swift; sourceTree = "<group>"; };
		E0050C312778007600396C36 /* DeleteEndpoint.swift */ = {isa = PBXFileReference; lastKnownFileType = sourcecode.swift; path = DeleteEndpoint.swift; sourceTree = "<group>"; };
		E0050C352778058400396C36 /* TextField.swift */ = {isa = PBXFileReference; lastKnownFileType = sourcecode.swift; path = TextField.swift; sourceTree = "<group>"; };
		E006435927740F7000B5108D /* SummaryViewModel.swift */ = {isa = PBXFileReference; lastKnownFileType = sourcecode.swift; path = SummaryViewModel.swift; sourceTree = "<group>"; };
		E006435B27740F8C00B5108D /* GlobalDataViewModel.swift */ = {isa = PBXFileReference; lastKnownFileType = sourcecode.swift; path = GlobalDataViewModel.swift; sourceTree = "<group>"; };
		E006AA2F2770175A00980302 /* SummaryScreen.swift */ = {isa = PBXFileReference; lastKnownFileType = sourcecode.swift; path = SummaryScreen.swift; sourceTree = "<group>"; };
		E006AA332770179E00980302 /* ExpenseScreen.swift */ = {isa = PBXFileReference; lastKnownFileType = sourcecode.swift; path = ExpenseScreen.swift; sourceTree = "<group>"; };
		E00B168E27C5CC260030C7B0 /* ReadCoreData.swift */ = {isa = PBXFileReference; lastKnownFileType = sourcecode.swift; path = ReadCoreData.swift; sourceTree = "<group>"; };
		E00B169027C5CC3A0030C7B0 /* CreateCoreData.swift */ = {isa = PBXFileReference; lastKnownFileType = sourcecode.swift; path = CreateCoreData.swift; sourceTree = "<group>"; };
		E00B169227C5CC430030C7B0 /* UpdateCoreData.swift */ = {isa = PBXFileReference; lastKnownFileType = sourcecode.swift; path = UpdateCoreData.swift; sourceTree = "<group>"; };
		E00B169427C5CC4F0030C7B0 /* DeleteCoreData.swift */ = {isa = PBXFileReference; lastKnownFileType = sourcecode.swift; path = DeleteCoreData.swift; sourceTree = "<group>"; };
		E00B169627C5CF750030C7B0 /* CoreDataMapper.swift */ = {isa = PBXFileReference; lastKnownFileType = sourcecode.swift; path = CoreDataMapper.swift; sourceTree = "<group>"; };
		E00E1C442782250C0042496F /* MultiSelectPickerView.swift */ = {isa = PBXFileReference; lastKnownFileType = sourcecode.swift; path = MultiSelectPickerView.swift; sourceTree = "<group>"; };
		E0107A3E277457EA00825484 /* TypeScreen.swift */ = {isa = PBXFileReference; lastKnownFileType = sourcecode.swift; path = TypeScreen.swift; sourceTree = "<group>"; };
		E01A2A662776B3CF002E685F /* AddIncomeScreen.swift */ = {isa = PBXFileReference; lastKnownFileType = sourcecode.swift; path = AddIncomeScreen.swift; sourceTree = "<group>"; };
		E01A2A6B2776B41E002E685F /* AddIncomeViewModel.swift */ = {isa = PBXFileReference; lastKnownFileType = sourcecode.swift; path = AddIncomeViewModel.swift; sourceTree = "<group>"; };
		E01A2A6D2776B427002E685F /* AddTypeViewModel.swift */ = {isa = PBXFileReference; lastKnownFileType = sourcecode.swift; path = AddTypeViewModel.swift; sourceTree = "<group>"; };
		E01A2A6F2776B433002E685F /* YearMonthCheck.swift */ = {isa = PBXFileReference; lastKnownFileType = sourcecode.swift; path = YearMonthCheck.swift; sourceTree = "<group>"; };
		E01A2A762776B46E002E685F /* AddTypeScreen.swift */ = {isa = PBXFileReference; lastKnownFileType = sourcecode.swift; path = AddTypeScreen.swift; sourceTree = "<group>"; };
		E01A4EB827C66F6000654E13 /* DummyTwoScreen.swift */ = {isa = PBXFileReference; lastKnownFileType = sourcecode.swift; path = DummyTwoScreen.swift; sourceTree = "<group>"; };
		E02830B72782B1FF001E8B51 /* FormulaProperty.swift */ = {isa = PBXFileReference; lastKnownFileType = sourcecode.swift; path = FormulaProperty.swift; sourceTree = "<group>"; };
		E031E2D3277DE67500DD449B /* RoolupProperty.swift */ = {isa = PBXFileReference; lastKnownFileType = sourcecode.swift; path = RoolupProperty.swift; sourceTree = "<group>"; };
		E03C701C2792EFA6005D6CDB /* SelectUsercreen.swift */ = {isa = PBXFileReference; lastKnownFileType = sourcecode.swift; path = SelectUsercreen.swift; sourceTree = "<group>"; };
		E03C701F2792F044005D6CDB /* SelectUserViewModel.swift */ = {isa = PBXFileReference; lastKnownFileType = sourcecode.swift; path = SelectUserViewModel.swift; sourceTree = "<group>"; };
		E03C7022279300C5005D6CDB /* HideKeyboardAppWide.swift */ = {isa = PBXFileReference; fileEncoding = 4; lastKnownFileType = sourcecode.swift; path = HideKeyboardAppWide.swift; sourceTree = "<group>"; };
		E03FC18B277837620019F01D /* ViewModifier.swift */ = {isa = PBXFileReference; lastKnownFileType = sourcecode.swift; path = ViewModifier.swift; sourceTree = "<group>"; };
		E08178C1277087D100F358D9 /* ExpenseViewModel.swift */ = {isa = PBXFileReference; lastKnownFileType = sourcecode.swift; path = ExpenseViewModel.swift; sourceTree = "<group>"; };
		E08178C327708FFC00F358D9 /* IncomeViewModel.swift */ = {isa = PBXFileReference; lastKnownFileType = sourcecode.swift; path = IncomeViewModel.swift; sourceTree = "<group>"; };
		E08178C52770900900F358D9 /* YearMonthViewModel.swift */ = {isa = PBXFileReference; lastKnownFileType = sourcecode.swift; path = YearMonthViewModel.swift; sourceTree = "<group>"; };
		E08178C72770901000F358D9 /* TypeViewModel.swift */ = {isa = PBXFileReference; lastKnownFileType = sourcecode.swift; path = TypeViewModel.swift; sourceTree = "<group>"; };
		E08178C92770903000F358D9 /* IncomeScreen.swift */ = {isa = PBXFileReference; lastKnownFileType = sourcecode.swift; path = IncomeScreen.swift; sourceTree = "<group>"; };
		E08178CE2770959C00F358D9 /* YearMonthScreen.swift */ = {isa = PBXFileReference; lastKnownFileType = sourcecode.swift; path = YearMonthScreen.swift; sourceTree = "<group>"; };
		E08DD5052778BAEF001DB5F0 /* TemplateViewModel.swift */ = {isa = PBXFileReference; lastKnownFileType = sourcecode.swift; path = TemplateViewModel.swift; sourceTree = "<group>"; };
		E097D70B2770722E0093F5DA /* YearMonth.swift */ = {isa = PBXFileReference; lastKnownFileType = sourcecode.swift; path = YearMonth.swift; sourceTree = "<group>"; };
		E097D70D2770731C0093F5DA /* Income.swift */ = {isa = PBXFileReference; lastKnownFileType = sourcecode.swift; path = Income.swift; sourceTree = "<group>"; };
		E097D70F277073220093F5DA /* Expense.swift */ = {isa = PBXFileReference; lastKnownFileType = sourcecode.swift; path = Expense.swift; sourceTree = "<group>"; };
		E097D711277073760093F5DA /* TypeModel.swift */ = {isa = PBXFileReference; lastKnownFileType = sourcecode.swift; path = TypeModel.swift; sourceTree = "<group>"; };
		E097D713277074BB0093F5DA /* Mapper.swift */ = {isa = PBXFileReference; lastKnownFileType = sourcecode.swift; path = Mapper.swift; sourceTree = "<group>"; };
		E0A9C12127B917A30003F7E4 /* CheckmarkProperty.swift */ = {isa = PBXFileReference; lastKnownFileType = sourcecode.swift; path = CheckmarkProperty.swift; sourceTree = "<group>"; };
		E0B9C32F27C4D91800D8BBE3 /* CoreDataManager.swift */ = {isa = PBXFileReference; lastKnownFileType = sourcecode.swift; path = CoreDataManager.swift; sourceTree = "<group>"; };
		E0B9C33427C4DB3400D8BBE3 /* DummyScreen.swift */ = {isa = PBXFileReference; lastKnownFileType = sourcecode.swift; path = DummyScreen.swift; sourceTree = "<group>"; };
		E0BF3A86276F566B00FC902E /* Shared.xcdatamodel */ = {isa = PBXFileReference; lastKnownFileType = wrapper.xcdatamodel; path = Shared.xcdatamodel; sourceTree = "<group>"; };
		E0BF3A87276F566B00FC902E /* ExpenseTrackerApp.swift */ = {isa = PBXFileReference; lastKnownFileType = sourcecode.swift; path = ExpenseTrackerApp.swift; sourceTree = "<group>"; };
		E0BF3A88276F566B00FC902E /* ContentView.swift */ = {isa = PBXFileReference; lastKnownFileType = sourcecode.swift; path = ContentView.swift; sourceTree = "<group>"; };
		E0BF3A89276F566B00FC902E /* Persistence.swift */ = {isa = PBXFileReference; lastKnownFileType = sourcecode.swift; path = Persistence.swift; sourceTree = "<group>"; };
		E0BF3A8A276F566B00FC902E /* Assets.xcassets */ = {isa = PBXFileReference; lastKnownFileType = folder.assetcatalog; path = Assets.xcassets; sourceTree = "<group>"; };
		E0BF3A8F276F566B00FC902E /* Hitung Uang CD.app */ = {isa = PBXFileReference; explicitFileType = wrapper.application; includeInIndex = 0; path = "Hitung Uang CD.app"; sourceTree = BUILT_PRODUCTS_DIR; };
		E0BF3A95276F566B00FC902E /* ExpenseTracker.app */ = {isa = PBXFileReference; explicitFileType = wrapper.application; includeInIndex = 0; path = ExpenseTracker.app; sourceTree = BUILT_PRODUCTS_DIR; };
		E0BF3A97276F566B00FC902E /* macOS.entitlements */ = {isa = PBXFileReference; lastKnownFileType = text.plist.entitlements; path = macOS.entitlements; sourceTree = "<group>"; };
		E0BF3A9C276F566B00FC902E /* Tests iOS.xctest */ = {isa = PBXFileReference; explicitFileType = wrapper.cfbundle; includeInIndex = 0; path = "Tests iOS.xctest"; sourceTree = BUILT_PRODUCTS_DIR; };
		E0BF3AA0276F566B00FC902E /* Tests_iOS.swift */ = {isa = PBXFileReference; lastKnownFileType = sourcecode.swift; path = Tests_iOS.swift; sourceTree = "<group>"; };
		E0BF3AA2276F566B00FC902E /* Tests_iOSLaunchTests.swift */ = {isa = PBXFileReference; lastKnownFileType = sourcecode.swift; path = Tests_iOSLaunchTests.swift; sourceTree = "<group>"; };
		E0BF3AA8276F566B00FC902E /* Tests macOS.xctest */ = {isa = PBXFileReference; explicitFileType = wrapper.cfbundle; includeInIndex = 0; path = "Tests macOS.xctest"; sourceTree = BUILT_PRODUCTS_DIR; };
		E0BF3AAC276F566B00FC902E /* Tests_macOS.swift */ = {isa = PBXFileReference; lastKnownFileType = sourcecode.swift; path = Tests_macOS.swift; sourceTree = "<group>"; };
		E0BF3AAE276F566B00FC902E /* Tests_macOSLaunchTests.swift */ = {isa = PBXFileReference; lastKnownFileType = sourcecode.swift; path = Tests_macOSLaunchTests.swift; sourceTree = "<group>"; };
		E0BF3AC8276F575F00FC902E /* README.md */ = {isa = PBXFileReference; fileEncoding = 4; lastKnownFileType = net.daringfireball.markdown; path = README.md; sourceTree = "<group>"; };
		E0BF3AC9276F575F00FC902E /* .gitignore */ = {isa = PBXFileReference; fileEncoding = 4; lastKnownFileType = text; path = .gitignore; sourceTree = "<group>"; };
		E0D6EF0927701B1400DF12AD /* AddExpenseScreen.swift */ = {isa = PBXFileReference; lastKnownFileType = sourcecode.swift; path = AddExpenseScreen.swift; sourceTree = "<group>"; };
		E0D6EF1327701C1A00DF12AD /* DefaultResponse.swift */ = {isa = PBXFileReference; lastKnownFileType = sourcecode.swift; path = DefaultResponse.swift; sourceTree = "<group>"; };
		E0D6EF162770201B00DF12AD /* YearMonthProperty.swift */ = {isa = PBXFileReference; lastKnownFileType = sourcecode.swift; path = YearMonthProperty.swift; sourceTree = "<group>"; };
		E0D6EF1C277021F000DF12AD /* SelectProperty.swift */ = {isa = PBXFileReference; lastKnownFileType = sourcecode.swift; path = SelectProperty.swift; sourceTree = "<group>"; };
		E0D6EF1F277021F800DF12AD /* TextProperty.swift */ = {isa = PBXFileReference; lastKnownFileType = sourcecode.swift; path = TextProperty.swift; sourceTree = "<group>"; };
		E0D6EF222770232700DF12AD /* ExpenseProperty.swift */ = {isa = PBXFileReference; lastKnownFileType = sourcecode.swift; path = ExpenseProperty.swift; sourceTree = "<group>"; };
		E0D6EF25277023CB00DF12AD /* NumberProperty.swift */ = {isa = PBXFileReference; lastKnownFileType = sourcecode.swift; path = NumberProperty.swift; sourceTree = "<group>"; };
		E0D6EF2B277023FE00DF12AD /* DateProperty.swift */ = {isa = PBXFileReference; lastKnownFileType = sourcecode.swift; path = DateProperty.swift; sourceTree = "<group>"; };
		E0D6EF2E2770240900DF12AD /* RelationProperty.swift */ = {isa = PBXFileReference; lastKnownFileType = sourcecode.swift; path = RelationProperty.swift; sourceTree = "<group>"; };
		E0D6EF312770259F00DF12AD /* IncomeProperty.swift */ = {isa = PBXFileReference; lastKnownFileType = sourcecode.swift; path = IncomeProperty.swift; sourceTree = "<group>"; };
		E0D6EF342770266000DF12AD /* TypeProperty.swift */ = {isa = PBXFileReference; lastKnownFileType = sourcecode.swift; path = TypeProperty.swift; sourceTree = "<group>"; };
		E0D6EF37277028CB00DF12AD /* Networking.swift */ = {isa = PBXFileReference; lastKnownFileType = sourcecode.swift; path = Networking.swift; sourceTree = "<group>"; };
		E0D6EF3B27702DE400DF12AD /* Extension.swift */ = {isa = PBXFileReference; lastKnownFileType = sourcecode.swift; path = Extension.swift; sourceTree = "<group>"; };
		E0F617EF277175AD00C546B7 /* AddExpenseViewModel.swift */ = {isa = PBXFileReference; lastKnownFileType = sourcecode.swift; path = AddExpenseViewModel.swift; sourceTree = "<group>"; };
		E0F9E823277977790082B310 /* ErrorMessage.swift */ = {isa = PBXFileReference; lastKnownFileType = sourcecode.swift; path = ErrorMessage.swift; sourceTree = "<group>"; };
		E0F9E82627797BC60082B310 /* Validation.swift */ = {isa = PBXFileReference; lastKnownFileType = sourcecode.swift; path = Validation.swift; sourceTree = "<group>"; };
/* End PBXFileReference section */

/* Begin PBXFrameworksBuildPhase section */
		E0BF3A8C276F566B00FC902E /* Frameworks */ = {
			isa = PBXFrameworksBuildPhase;
			buildActionMask = 2147483647;
			files = (
			);
			runOnlyForDeploymentPostprocessing = 0;
		};
		E0BF3A92276F566B00FC902E /* Frameworks */ = {
			isa = PBXFrameworksBuildPhase;
			buildActionMask = 2147483647;
			files = (
			);
			runOnlyForDeploymentPostprocessing = 0;
		};
		E0BF3A99276F566B00FC902E /* Frameworks */ = {
			isa = PBXFrameworksBuildPhase;
			buildActionMask = 2147483647;
			files = (
			);
			runOnlyForDeploymentPostprocessing = 0;
		};
		E0BF3AA5276F566B00FC902E /* Frameworks */ = {
			isa = PBXFrameworksBuildPhase;
			buildActionMask = 2147483647;
			files = (
			);
			runOnlyForDeploymentPostprocessing = 0;
		};
/* End PBXFrameworksBuildPhase section */

/* Begin PBXGroup section */
		E002E2BD2778B05400A7A1C5 /* Template */ = {
			isa = PBXGroup;
			children = (
				E002E2B72778B04700A7A1C5 /* TemplateScreen.swift */,
				E002E2BA2778B04F00A7A1C5 /* AddTemplateScreen.swift */,
			);
			path = Template;
			sourceTree = "<group>";
		};
		E0050C2A2778003A00396C36 /* Networking */ = {
			isa = PBXGroup;
			children = (
				E0D6EF37277028CB00DF12AD /* Networking.swift */,
				E0050C2D2778006600396C36 /* GetEndpoint.swift */,
				E0050C2B2778005A00396C36 /* PostEndpoint.swift */,
				E0050C2F2778006C00396C36 /* UpdateEndpoint.swift */,
				E0050C312778007600396C36 /* DeleteEndpoint.swift */,
			);
			path = Networking;
			sourceTree = "<group>";
		};
		E006AA272770162D00980302 /* View */ = {
			isa = PBXGroup;
			children = (
				E0B9C33127C4DB1400D8BBE3 /* test */,
				E006AA282770163300980302 /* Component */,
				E006AA292770163B00980302 /* Screen */,
			);
			path = View;
			sourceTree = "<group>";
		};
		E006AA282770163300980302 /* Component */ = {
			isa = PBXGroup;
			children = (
				E0050C352778058400396C36 /* TextField.swift */,
				E03FC18B277837620019F01D /* ViewModifier.swift */,
				E00E1C442782250C0042496F /* MultiSelectPickerView.swift */,
			);
			path = Component;
			sourceTree = "<group>";
		};
		E006AA292770163B00980302 /* Screen */ = {
			isa = PBXGroup;
			children = (
				E006AA322770177100980302 /* Summary */,
				E08178CD2770952C00F358D9 /* YearMonth */,
				E006AA2D2770172600980302 /* Income */,
				E006AA2E2770172A00980302 /* Expense */,
				E01A2A732776B448002E685F /* Type */,
				E002E2BD2778B05400A7A1C5 /* Template */,
				E0BF3A88276F566B00FC902E /* ContentView.swift */,
				E03C701C2792EFA6005D6CDB /* SelectUsercreen.swift */,
			);
			path = Screen;
			sourceTree = "<group>";
		};
		E006AA2A2770164900980302 /* View Model */ = {
			isa = PBXGroup;
			children = (
				E006435B27740F8C00B5108D /* GlobalDataViewModel.swift */,
				E006435927740F7000B5108D /* SummaryViewModel.swift */,
				E03C701F2792F044005D6CDB /* SelectUserViewModel.swift */,
				E01A2A692776B3DC002E685F /* YearMonth */,
				E01A2A682776B3D3002E685F /* Income */,
				E0F617EE2771759900C546B7 /* Expense */,
				E01A2A6A2776B3E4002E685F /* Type */,
				E08DD5042778BADB001DB5F0 /* Template */,
			);
			path = "View Model";
			sourceTree = "<group>";
		};
		E006AA2B2770165600980302 /* Model */ = {
			isa = PBXGroup;
			children = (
				E0D6EF1227701BFF00DF12AD /* Remote */,
				E097D70A277072090093F5DA /* Local */,
			);
			path = Model;
			sourceTree = "<group>";
		};
		E006AA2C2770165C00980302 /* Resource */ = {
			isa = PBXGroup;
			children = (
				E0BF3A89276F566B00FC902E /* Persistence.swift */,
				E0D6EF3B27702DE400DF12AD /* Extension.swift */,
				E097D713277074BB0093F5DA /* Mapper.swift */,
				E03C7022279300C5005D6CDB /* HideKeyboardAppWide.swift */,
				E0050C2A2778003A00396C36 /* Networking */,
				E0B9C32E27C4D90600D8BBE3 /* CoreData */,
				E0F9E82627797BC60082B310 /* Validation.swift */,
			);
			path = Resource;
			sourceTree = "<group>";
		};
		E006AA2D2770172600980302 /* Income */ = {
			isa = PBXGroup;
			children = (
				E08178C92770903000F358D9 /* IncomeScreen.swift */,
				E01A2A662776B3CF002E685F /* AddIncomeScreen.swift */,
			);
			path = Income;
			sourceTree = "<group>";
		};
		E006AA2E2770172A00980302 /* Expense */ = {
			isa = PBXGroup;
			children = (
				E006AA332770179E00980302 /* ExpenseScreen.swift */,
				E0D6EF0927701B1400DF12AD /* AddExpenseScreen.swift */,
			);
			path = Expense;
			sourceTree = "<group>";
		};
		E006AA322770177100980302 /* Summary */ = {
			isa = PBXGroup;
			children = (
				E006AA2F2770175A00980302 /* SummaryScreen.swift */,
			);
			path = Summary;
			sourceTree = "<group>";
		};
		E01A2A682776B3D3002E685F /* Income */ = {
			isa = PBXGroup;
			children = (
				E08178C327708FFC00F358D9 /* IncomeViewModel.swift */,
				E01A2A6B2776B41E002E685F /* AddIncomeViewModel.swift */,
			);
			path = Income;
			sourceTree = "<group>";
		};
		E01A2A692776B3DC002E685F /* YearMonth */ = {
			isa = PBXGroup;
			children = (
				E08178C52770900900F358D9 /* YearMonthViewModel.swift */,
				E01A2A6F2776B433002E685F /* YearMonthCheck.swift */,
			);
			path = YearMonth;
			sourceTree = "<group>";
		};
		E01A2A6A2776B3E4002E685F /* Type */ = {
			isa = PBXGroup;
			children = (
				E08178C72770901000F358D9 /* TypeViewModel.swift */,
				E01A2A6D2776B427002E685F /* AddTypeViewModel.swift */,
			);
			path = Type;
			sourceTree = "<group>";
		};
		E01A2A732776B448002E685F /* Type */ = {
			isa = PBXGroup;
			children = (
				E0107A3E277457EA00825484 /* TypeScreen.swift */,
				E01A2A762776B46E002E685F /* AddTypeScreen.swift */,
			);
			path = Type;
			sourceTree = "<group>";
		};
		E08178CD2770952C00F358D9 /* YearMonth */ = {
			isa = PBXGroup;
			children = (
				E08178CE2770959C00F358D9 /* YearMonthScreen.swift */,
			);
			path = YearMonth;
			sourceTree = "<group>";
		};
		E08DD5042778BADB001DB5F0 /* Template */ = {
			isa = PBXGroup;
			children = (
				E08DD5052778BAEF001DB5F0 /* TemplateViewModel.swift */,
				E002E2BE2778B17E00A7A1C5 /* AddTemplateViewModel.swift */,
			);
			path = Template;
			sourceTree = "<group>";
		};
		E097D70A277072090093F5DA /* Local */ = {
			isa = PBXGroup;
			children = (
				E0BF3A85276F566B00FC902E /* ExpenseTracker.xcdatamodeld */,
				E097D70B2770722E0093F5DA /* YearMonth.swift */,
				E097D70D2770731C0093F5DA /* Income.swift */,
				E097D70F277073220093F5DA /* Expense.swift */,
				E097D711277073760093F5DA /* TypeModel.swift */,
				E002E2B427789F7800A7A1C5 /* Setting.swift */,
				E0F9E823277977790082B310 /* ErrorMessage.swift */,
			);
			path = Local;
			sourceTree = "<group>";
		};
		E0B9C32E27C4D90600D8BBE3 /* CoreData */ = {
			isa = PBXGroup;
			children = (
				E0B9C32F27C4D91800D8BBE3 /* CoreDataManager.swift */,
				E00B169627C5CF750030C7B0 /* CoreDataMapper.swift */,
				E00B169027C5CC3A0030C7B0 /* CreateCoreData.swift */,
				E00B168E27C5CC260030C7B0 /* ReadCoreData.swift */,
				E00B169227C5CC430030C7B0 /* UpdateCoreData.swift */,
				E00B169427C5CC4F0030C7B0 /* DeleteCoreData.swift */,
			);
			path = CoreData;
			sourceTree = "<group>";
		};
		E0B9C33127C4DB1400D8BBE3 /* test */ = {
			isa = PBXGroup;
			children = (
				E0B9C33427C4DB3400D8BBE3 /* DummyScreen.swift */,
				E01A4EB827C66F6000654E13 /* DummyTwoScreen.swift */,
			);
			path = test;
			sourceTree = "<group>";
		};
		E0BF3A7F276F566A00FC902E = {
			isa = PBXGroup;
			children = (
				E0BF3AC9276F575F00FC902E /* .gitignore */,
				E0BF3AC8276F575F00FC902E /* README.md */,
				E0BF3A84276F566A00FC902E /* Shared */,
				E0BF3A96276F566B00FC902E /* macOS */,
				E0BF3A9F276F566B00FC902E /* Tests iOS */,
				E0BF3AAB276F566B00FC902E /* Tests macOS */,
				E0BF3A90276F566B00FC902E /* Products */,
			);
			sourceTree = "<group>";
		};
		E0BF3A84276F566A00FC902E /* Shared */ = {
			isa = PBXGroup;
			children = (
				E0BF3A87276F566B00FC902E /* ExpenseTrackerApp.swift */,
				E006AA2C2770165C00980302 /* Resource */,
				E006AA2B2770165600980302 /* Model */,
				E006AA2A2770164900980302 /* View Model */,
				E006AA272770162D00980302 /* View */,
				E0BF3A8A276F566B00FC902E /* Assets.xcassets */,
			);
			path = Shared;
			sourceTree = "<group>";
		};
		E0BF3A90276F566B00FC902E /* Products */ = {
			isa = PBXGroup;
			children = (
				E0BF3A8F276F566B00FC902E /* Hitung Uang CD.app */,
				E0BF3A95276F566B00FC902E /* ExpenseTracker.app */,
				E0BF3A9C276F566B00FC902E /* Tests iOS.xctest */,
				E0BF3AA8276F566B00FC902E /* Tests macOS.xctest */,
			);
			name = Products;
			sourceTree = "<group>";
		};
		E0BF3A96276F566B00FC902E /* macOS */ = {
			isa = PBXGroup;
			children = (
				E0BF3A97276F566B00FC902E /* macOS.entitlements */,
			);
			path = macOS;
			sourceTree = "<group>";
		};
		E0BF3A9F276F566B00FC902E /* Tests iOS */ = {
			isa = PBXGroup;
			children = (
				E0BF3AA0276F566B00FC902E /* Tests_iOS.swift */,
				E0BF3AA2276F566B00FC902E /* Tests_iOSLaunchTests.swift */,
			);
			path = "Tests iOS";
			sourceTree = "<group>";
		};
		E0BF3AAB276F566B00FC902E /* Tests macOS */ = {
			isa = PBXGroup;
			children = (
				E0BF3AAC276F566B00FC902E /* Tests_macOS.swift */,
				E0BF3AAE276F566B00FC902E /* Tests_macOSLaunchTests.swift */,
			);
			path = "Tests macOS";
			sourceTree = "<group>";
		};
		E0D6EF1227701BFF00DF12AD /* Remote */ = {
			isa = PBXGroup;
			children = (
				E0D6EF1327701C1A00DF12AD /* DefaultResponse.swift */,
				E0D6EF1B277021D500DF12AD /* Properties */,
				E0D6EF162770201B00DF12AD /* YearMonthProperty.swift */,
				E0D6EF312770259F00DF12AD /* IncomeProperty.swift */,
				E0D6EF222770232700DF12AD /* ExpenseProperty.swift */,
				E0D6EF342770266000DF12AD /* TypeProperty.swift */,
				E002E2B127789EC000A7A1C5 /* SettingProperty.swift */,
			);
			path = Remote;
			sourceTree = "<group>";
		};
		E0D6EF1B277021D500DF12AD /* Properties */ = {
			isa = PBXGroup;
			children = (
				E0D6EF1F277021F800DF12AD /* TextProperty.swift */,
				E0D6EF1C277021F000DF12AD /* SelectProperty.swift */,
				E0D6EF25277023CB00DF12AD /* NumberProperty.swift */,
				E0D6EF2B277023FE00DF12AD /* DateProperty.swift */,
				E0D6EF2E2770240900DF12AD /* RelationProperty.swift */,
				E031E2D3277DE67500DD449B /* RoolupProperty.swift */,
				E02830B72782B1FF001E8B51 /* FormulaProperty.swift */,
				E0A9C12127B917A30003F7E4 /* CheckmarkProperty.swift */,
			);
			path = Properties;
			sourceTree = "<group>";
		};
		E0F617EE2771759900C546B7 /* Expense */ = {
			isa = PBXGroup;
			children = (
				E08178C1277087D100F358D9 /* ExpenseViewModel.swift */,
				E0F617EF277175AD00C546B7 /* AddExpenseViewModel.swift */,
			);
			path = Expense;
			sourceTree = "<group>";
		};
/* End PBXGroup section */

/* Begin PBXNativeTarget section */
		E0BF3A8E276F566B00FC902E /* ExpenseTracker (iOS) */ = {
			isa = PBXNativeTarget;
			buildConfigurationList = E0BF3ABC276F566B00FC902E /* Build configuration list for PBXNativeTarget "ExpenseTracker (iOS)" */;
			buildPhases = (
				E0BF3A8B276F566B00FC902E /* Sources */,
				E0BF3A8C276F566B00FC902E /* Frameworks */,
				E0BF3A8D276F566B00FC902E /* Resources */,
			);
			buildRules = (
			);
			dependencies = (
			);
			name = "ExpenseTracker (iOS)";
			productName = "ExpenseTracker (iOS)";
			productReference = E0BF3A8F276F566B00FC902E /* Hitung Uang CD.app */;
			productType = "com.apple.product-type.application";
		};
		E0BF3A94276F566B00FC902E /* ExpenseTracker (macOS) */ = {
			isa = PBXNativeTarget;
			buildConfigurationList = E0BF3ABF276F566B00FC902E /* Build configuration list for PBXNativeTarget "ExpenseTracker (macOS)" */;
			buildPhases = (
				E0BF3A91276F566B00FC902E /* Sources */,
				E0BF3A92276F566B00FC902E /* Frameworks */,
				E0BF3A93276F566B00FC902E /* Resources */,
			);
			buildRules = (
			);
			dependencies = (
			);
			name = "ExpenseTracker (macOS)";
			productName = "ExpenseTracker (macOS)";
			productReference = E0BF3A95276F566B00FC902E /* ExpenseTracker.app */;
			productType = "com.apple.product-type.application";
		};
		E0BF3A9B276F566B00FC902E /* Tests iOS */ = {
			isa = PBXNativeTarget;
			buildConfigurationList = E0BF3AC2276F566B00FC902E /* Build configuration list for PBXNativeTarget "Tests iOS" */;
			buildPhases = (
				E0BF3A98276F566B00FC902E /* Sources */,
				E0BF3A99276F566B00FC902E /* Frameworks */,
				E0BF3A9A276F566B00FC902E /* Resources */,
			);
			buildRules = (
			);
			dependencies = (
				E0BF3A9E276F566B00FC902E /* PBXTargetDependency */,
			);
			name = "Tests iOS";
			productName = "Tests iOS";
			productReference = E0BF3A9C276F566B00FC902E /* Tests iOS.xctest */;
			productType = "com.apple.product-type.bundle.ui-testing";
		};
		E0BF3AA7276F566B00FC902E /* Tests macOS */ = {
			isa = PBXNativeTarget;
			buildConfigurationList = E0BF3AC5276F566B00FC902E /* Build configuration list for PBXNativeTarget "Tests macOS" */;
			buildPhases = (
				E0BF3AA4276F566B00FC902E /* Sources */,
				E0BF3AA5276F566B00FC902E /* Frameworks */,
				E0BF3AA6276F566B00FC902E /* Resources */,
			);
			buildRules = (
			);
			dependencies = (
				E0BF3AAA276F566B00FC902E /* PBXTargetDependency */,
			);
			name = "Tests macOS";
			productName = "Tests macOS";
			productReference = E0BF3AA8276F566B00FC902E /* Tests macOS.xctest */;
			productType = "com.apple.product-type.bundle.ui-testing";
		};
/* End PBXNativeTarget section */

/* Begin PBXProject section */
		E0BF3A80276F566A00FC902E /* Project object */ = {
			isa = PBXProject;
			attributes = {
				BuildIndependentTargetsInParallel = 1;
				LastSwiftUpdateCheck = 1310;
				LastUpgradeCheck = 1320;
				TargetAttributes = {
					E0BF3A8E276F566B00FC902E = {
						CreatedOnToolsVersion = 13.1;
					};
					E0BF3A94276F566B00FC902E = {
						CreatedOnToolsVersion = 13.1;
					};
					E0BF3A9B276F566B00FC902E = {
						CreatedOnToolsVersion = 13.1;
						TestTargetID = E0BF3A8E276F566B00FC902E;
					};
					E0BF3AA7276F566B00FC902E = {
						CreatedOnToolsVersion = 13.1;
						TestTargetID = E0BF3A94276F566B00FC902E;
					};
				};
			};
			buildConfigurationList = E0BF3A83276F566A00FC902E /* Build configuration list for PBXProject "ExpenseTracker" */;
			compatibilityVersion = "Xcode 13.0";
			developmentRegion = en;
			hasScannedForEncodings = 0;
			knownRegions = (
				en,
				Base,
			);
			mainGroup = E0BF3A7F276F566A00FC902E;
			productRefGroup = E0BF3A90276F566B00FC902E /* Products */;
			projectDirPath = "";
			projectRoot = "";
			targets = (
				E0BF3A8E276F566B00FC902E /* ExpenseTracker (iOS) */,
				E0BF3A94276F566B00FC902E /* ExpenseTracker (macOS) */,
				E0BF3A9B276F566B00FC902E /* Tests iOS */,
				E0BF3AA7276F566B00FC902E /* Tests macOS */,
			);
		};
/* End PBXProject section */

/* Begin PBXResourcesBuildPhase section */
		E0BF3A8D276F566B00FC902E /* Resources */ = {
			isa = PBXResourcesBuildPhase;
			buildActionMask = 2147483647;
			files = (
				E0BF3ACA276F575F00FC902E /* README.md in Resources */,
				E0BF3ACB276F575F00FC902E /* .gitignore in Resources */,
				E0BF3AB8276F566B00FC902E /* Assets.xcassets in Resources */,
			);
			runOnlyForDeploymentPostprocessing = 0;
		};
		E0BF3A93276F566B00FC902E /* Resources */ = {
			isa = PBXResourcesBuildPhase;
			buildActionMask = 2147483647;
			files = (
				E0BF3AB9276F566B00FC902E /* Assets.xcassets in Resources */,
			);
			runOnlyForDeploymentPostprocessing = 0;
		};
		E0BF3A9A276F566B00FC902E /* Resources */ = {
			isa = PBXResourcesBuildPhase;
			buildActionMask = 2147483647;
			files = (
			);
			runOnlyForDeploymentPostprocessing = 0;
		};
		E0BF3AA6276F566B00FC902E /* Resources */ = {
			isa = PBXResourcesBuildPhase;
			buildActionMask = 2147483647;
			files = (
			);
			runOnlyForDeploymentPostprocessing = 0;
		};
/* End PBXResourcesBuildPhase section */

/* Begin PBXSourcesBuildPhase section */
		E0BF3A8B276F566B00FC902E /* Sources */ = {
			isa = PBXSourcesBuildPhase;
			buildActionMask = 2147483647;
			files = (
				E0A9C12227B917A30003F7E4 /* CheckmarkProperty.swift in Sources */,
				E002E2BF2778B17E00A7A1C5 /* AddTemplateViewModel.swift in Sources */,
				E08178C62770900900F358D9 /* YearMonthViewModel.swift in Sources */,
				E097D710277073220093F5DA /* Expense.swift in Sources */,
				E097D70C2770722E0093F5DA /* YearMonth.swift in Sources */,
				E0050C2E2778006600396C36 /* GetEndpoint.swift in Sources */,
				E00B169127C5CC3A0030C7B0 /* CreateCoreData.swift in Sources */,
				E00B169327C5CC430030C7B0 /* UpdateCoreData.swift in Sources */,
				E0107A3F277457EA00825484 /* TypeScreen.swift in Sources */,
				E097D714277074BB0093F5DA /* Mapper.swift in Sources */,
				E0D6EF38277028CB00DF12AD /* Networking.swift in Sources */,
				E0D6EF2C277023FE00DF12AD /* DateProperty.swift in Sources */,
				E03FC18C277837620019F01D /* ViewModifier.swift in Sources */,
				E002E2BB2778B04F00A7A1C5 /* AddTemplateScreen.swift in Sources */,
				E006AA342770179E00980302 /* ExpenseScreen.swift in Sources */,
				E0BF3AB0276F566B00FC902E /* ExpenseTracker.xcdatamodeld in Sources */,
				E002E2B82778B04700A7A1C5 /* TemplateScreen.swift in Sources */,
				E00B169527C5CC4F0030C7B0 /* DeleteCoreData.swift in Sources */,
				E006435C27740F8C00B5108D /* GlobalDataViewModel.swift in Sources */,
				E00B169727C5CF750030C7B0 /* CoreDataMapper.swift in Sources */,
				E0D6EF1D277021F000DF12AD /* SelectProperty.swift in Sources */,
				E08178C2277087D100F358D9 /* ExpenseViewModel.swift in Sources */,
				E0BF3AB6276F566B00FC902E /* Persistence.swift in Sources */,
				E01A2A672776B3CF002E685F /* AddIncomeScreen.swift in Sources */,
				E0D6EF232770232700DF12AD /* ExpenseProperty.swift in Sources */,
				E08178C82770901000F358D9 /* TypeViewModel.swift in Sources */,
				E00E1C452782250C0042496F /* MultiSelectPickerView.swift in Sources */,
				E0050C2C2778005A00396C36 /* PostEndpoint.swift in Sources */,
				E08DD5062778BAEF001DB5F0 /* TemplateViewModel.swift in Sources */,
				E08178CF2770959C00F358D9 /* YearMonthScreen.swift in Sources */,
				E0F617F0277175AD00C546B7 /* AddExpenseViewModel.swift in Sources */,
				E0F9E82727797BC60082B310 /* Validation.swift in Sources */,
				E097D712277073760093F5DA /* TypeModel.swift in Sources */,
				E006AA302770175A00980302 /* SummaryScreen.swift in Sources */,
				E0B9C33527C4DB3400D8BBE3 /* DummyScreen.swift in Sources */,
				E002E2B527789F7800A7A1C5 /* Setting.swift in Sources */,
				E0D6EF1427701C1A00DF12AD /* DefaultResponse.swift in Sources */,
				E0050C362778058400396C36 /* TextField.swift in Sources */,
				E0D6EF0A27701B1400DF12AD /* AddExpenseScreen.swift in Sources */,
				E01A2A6C2776B41E002E685F /* AddIncomeViewModel.swift in Sources */,
				E00B168F27C5CC260030C7B0 /* ReadCoreData.swift in Sources */,
				E0F9E824277977790082B310 /* ErrorMessage.swift in Sources */,
				E01A2A772776B46E002E685F /* AddTypeScreen.swift in Sources */,
				E01A2A6E2776B427002E685F /* AddTypeViewModel.swift in Sources */,
				E08178CA2770903000F358D9 /* IncomeScreen.swift in Sources */,
				E03C70202792F044005D6CDB /* SelectUserViewModel.swift in Sources */,
				E0BF3AB2276F566B00FC902E /* ExpenseTrackerApp.swift in Sources */,
				E01A2A702776B433002E685F /* YearMonthCheck.swift in Sources */,
				E0BF3AB4276F566B00FC902E /* ContentView.swift in Sources */,
				E0B9C33027C4D91800D8BBE3 /* CoreDataManager.swift in Sources */,
				E002E2B227789EC000A7A1C5 /* SettingProperty.swift in Sources */,
				E0050C322778007600396C36 /* DeleteEndpoint.swift in Sources */,
				E02830B82782B1FF001E8B51 /* FormulaProperty.swift in Sources */,
				E0D6EF20277021F800DF12AD /* TextProperty.swift in Sources */,
				E0D6EF322770259F00DF12AD /* IncomeProperty.swift in Sources */,
				E08178C427708FFC00F358D9 /* IncomeViewModel.swift in Sources */,
				E03C701D2792EFA6005D6CDB /* SelectUsercreen.swift in Sources */,
				E0D6EF2F2770240900DF12AD /* RelationProperty.swift in Sources */,
				E0D6EF3C27702DE400DF12AD /* Extension.swift in Sources */,
				E0D6EF26277023CB00DF12AD /* NumberProperty.swift in Sources */,
				E031E2D4277DE67500DD449B /* RoolupProperty.swift in Sources */,
				E01A4EB927C66F6000654E13 /* DummyTwoScreen.swift in Sources */,
				E03C7023279300C5005D6CDB /* HideKeyboardAppWide.swift in Sources */,
				E097D70E2770731C0093F5DA /* Income.swift in Sources */,
				E006435A27740F7000B5108D /* SummaryViewModel.swift in Sources */,
				E0D6EF172770201B00DF12AD /* YearMonthProperty.swift in Sources */,
				E0D6EF352770266000DF12AD /* TypeProperty.swift in Sources */,
				E0050C302778006C00396C36 /* UpdateEndpoint.swift in Sources */,
			);
			runOnlyForDeploymentPostprocessing = 0;
		};
		E0BF3A91276F566B00FC902E /* Sources */ = {
			isa = PBXSourcesBuildPhase;
			buildActionMask = 2147483647;
			files = (
				E0A9C12327B917A30003F7E4 /* CheckmarkProperty.swift in Sources */,
				E002E2C02778B17E00A7A1C5 /* AddTemplateViewModel.swift in Sources */,
				E09030C127781FC2003ED6B5 /* AddIncomeScreen.swift in Sources */,
				E09030C927781FE0003ED6B5 /* AddIncomeViewModel.swift in Sources */,
				E09030CA27781FE0003ED6B5 /* YearMonthViewModel.swift in Sources */,
				E09030BF27781FBC003ED6B5 /* YearMonthScreen.swift in Sources */,
				E09030D827781FF7003ED6B5 /* Mapper.swift in Sources */,
				E0D6EF2D277023FE00DF12AD /* DateProperty.swift in Sources */,
				E09030CE27781FF0003ED6B5 /* ExpenseProperty.swift in Sources */,
				E09030CB27781FE0003ED6B5 /* TypeViewModel.swift in Sources */,
				E03FC18D277837620019F01D /* ViewModifier.swift in Sources */,
				E002E2BC2778B04F00A7A1C5 /* AddTemplateScreen.swift in Sources */,
				E09030C727781FE0003ED6B5 /* SummaryViewModel.swift in Sources */,
				E09030D727781FF7003ED6B5 /* GetEndpoint.swift in Sources */,
				E002E2B92778B04700A7A1C5 /* TemplateScreen.swift in Sources */,
				E006AA352770179E00980302 /* ExpenseScreen.swift in Sources */,
				E09030D127781FF0003ED6B5 /* YearMonthProperty.swift in Sources */,
				E0BF3AB1276F566B00FC902E /* ExpenseTracker.xcdatamodeld in Sources */,
				E0D6EF1E277021F000DF12AD /* SelectProperty.swift in Sources */,
				E09030D627781FF0003ED6B5 /* DefaultResponse.swift in Sources */,
				E09030D227781FF0003ED6B5 /* Expense.swift in Sources */,
				E0BF3AB7276F566B00FC902E /* Persistence.swift in Sources */,
				E00E1C462782250C0042496F /* MultiSelectPickerView.swift in Sources */,
				E09030DB27781FF7003ED6B5 /* UpdateEndpoint.swift in Sources */,
				E08DD5072778BAEF001DB5F0 /* TemplateViewModel.swift in Sources */,
				E006AA312770175A00980302 /* SummaryScreen.swift in Sources */,
				E09030C427781FD8003ED6B5 /* AddTypeViewModel.swift in Sources */,
				E0F9E82827797BC60082B310 /* Validation.swift in Sources */,
				E0107A40277457EA00825484 /* TypeScreen.swift in Sources */,
				E09030CD27781FE0003ED6B5 /* ExpenseViewModel.swift in Sources */,
				E002E2B627789F7800A7A1C5 /* Setting.swift in Sources */,
				E09030C027781FBF003ED6B5 /* IncomeScreen.swift in Sources */,
				E09030DC27781FF7003ED6B5 /* Networking.swift in Sources */,
				E09030D327781FF0003ED6B5 /* YearMonth.swift in Sources */,
				E0D6EF0B27701B1400DF12AD /* AddExpenseScreen.swift in Sources */,
				E0F9E825277977790082B310 /* ErrorMessage.swift in Sources */,
				E09030D527781FF0003ED6B5 /* TypeModel.swift in Sources */,
				E09030C327781FD5003ED6B5 /* TextField.swift in Sources */,
				E0BF3AB3276F566B00FC902E /* ExpenseTrackerApp.swift in Sources */,
				E03C70212792F044005D6CDB /* SelectUserViewModel.swift in Sources */,
				E09030D027781FF0003ED6B5 /* TypeProperty.swift in Sources */,
				E09030C827781FE0003ED6B5 /* IncomeViewModel.swift in Sources */,
				E09030DA27781FF7003ED6B5 /* DeleteEndpoint.swift in Sources */,
				E002E2B327789EC000A7A1C5 /* SettingProperty.swift in Sources */,
				E09030C627781FE0003ED6B5 /* YearMonthCheck.swift in Sources */,
				E02830B92782B1FF001E8B51 /* FormulaProperty.swift in Sources */,
				E0BF3AB5276F566B00FC902E /* ContentView.swift in Sources */,
				E09030C227781FD1003ED6B5 /* AddTypeScreen.swift in Sources */,
				E0D6EF21277021F800DF12AD /* TextProperty.swift in Sources */,
				E03C701E2792EFA6005D6CDB /* SelectUsercreen.swift in Sources */,
				E09030CC27781FE0003ED6B5 /* GlobalDataViewModel.swift in Sources */,
				E09030C527781FE0003ED6B5 /* AddExpenseViewModel.swift in Sources */,
				E09030D427781FF0003ED6B5 /* IncomeProperty.swift in Sources */,
				E031E2D5277DE67500DD449B /* RoolupProperty.swift in Sources */,
				E03C7024279300C5005D6CDB /* HideKeyboardAppWide.swift in Sources */,
				E09030CF27781FF0003ED6B5 /* Income.swift in Sources */,
				E0D6EF302770240900DF12AD /* RelationProperty.swift in Sources */,
				E0D6EF3D27702DE400DF12AD /* Extension.swift in Sources */,
				E09030D927781FF7003ED6B5 /* PostEndpoint.swift in Sources */,
				E0D6EF27277023CB00DF12AD /* NumberProperty.swift in Sources */,
			);
			runOnlyForDeploymentPostprocessing = 0;
		};
		E0BF3A98276F566B00FC902E /* Sources */ = {
			isa = PBXSourcesBuildPhase;
			buildActionMask = 2147483647;
			files = (
				E0BF3AA3276F566B00FC902E /* Tests_iOSLaunchTests.swift in Sources */,
				E0BF3AA1276F566B00FC902E /* Tests_iOS.swift in Sources */,
			);
			runOnlyForDeploymentPostprocessing = 0;
		};
		E0BF3AA4276F566B00FC902E /* Sources */ = {
			isa = PBXSourcesBuildPhase;
			buildActionMask = 2147483647;
			files = (
				E0BF3AAF276F566B00FC902E /* Tests_macOSLaunchTests.swift in Sources */,
				E0BF3AAD276F566B00FC902E /* Tests_macOS.swift in Sources */,
			);
			runOnlyForDeploymentPostprocessing = 0;
		};
/* End PBXSourcesBuildPhase section */

/* Begin PBXTargetDependency section */
		E0BF3A9E276F566B00FC902E /* PBXTargetDependency */ = {
			isa = PBXTargetDependency;
			target = E0BF3A8E276F566B00FC902E /* ExpenseTracker (iOS) */;
			targetProxy = E0BF3A9D276F566B00FC902E /* PBXContainerItemProxy */;
		};
		E0BF3AAA276F566B00FC902E /* PBXTargetDependency */ = {
			isa = PBXTargetDependency;
			target = E0BF3A94276F566B00FC902E /* ExpenseTracker (macOS) */;
			targetProxy = E0BF3AA9276F566B00FC902E /* PBXContainerItemProxy */;
		};
/* End PBXTargetDependency section */

/* Begin XCBuildConfiguration section */
		E0BF3ABA276F566B00FC902E /* Debug */ = {
			isa = XCBuildConfiguration;
			buildSettings = {
				ALWAYS_SEARCH_USER_PATHS = NO;
				CLANG_ANALYZER_NONNULL = YES;
				CLANG_ANALYZER_NUMBER_OBJECT_CONVERSION = YES_AGGRESSIVE;
				CLANG_CXX_LANGUAGE_STANDARD = "gnu++17";
				CLANG_CXX_LIBRARY = "libc++";
				CLANG_ENABLE_MODULES = YES;
				CLANG_ENABLE_OBJC_ARC = YES;
				CLANG_ENABLE_OBJC_WEAK = YES;
				CLANG_WARN_BLOCK_CAPTURE_AUTORELEASING = YES;
				CLANG_WARN_BOOL_CONVERSION = YES;
				CLANG_WARN_COMMA = YES;
				CLANG_WARN_CONSTANT_CONVERSION = YES;
				CLANG_WARN_DEPRECATED_OBJC_IMPLEMENTATIONS = YES;
				CLANG_WARN_DIRECT_OBJC_ISA_USAGE = YES_ERROR;
				CLANG_WARN_DOCUMENTATION_COMMENTS = YES;
				CLANG_WARN_EMPTY_BODY = YES;
				CLANG_WARN_ENUM_CONVERSION = YES;
				CLANG_WARN_INFINITE_RECURSION = YES;
				CLANG_WARN_INT_CONVERSION = YES;
				CLANG_WARN_NON_LITERAL_NULL_CONVERSION = YES;
				CLANG_WARN_OBJC_IMPLICIT_RETAIN_SELF = YES;
				CLANG_WARN_OBJC_LITERAL_CONVERSION = YES;
				CLANG_WARN_OBJC_ROOT_CLASS = YES_ERROR;
				CLANG_WARN_QUOTED_INCLUDE_IN_FRAMEWORK_HEADER = YES;
				CLANG_WARN_RANGE_LOOP_ANALYSIS = YES;
				CLANG_WARN_STRICT_PROTOTYPES = YES;
				CLANG_WARN_SUSPICIOUS_MOVE = YES;
				CLANG_WARN_UNGUARDED_AVAILABILITY = YES_AGGRESSIVE;
				CLANG_WARN_UNREACHABLE_CODE = YES;
				CLANG_WARN__DUPLICATE_METHOD_MATCH = YES;
				COPY_PHASE_STRIP = NO;
				DEBUG_INFORMATION_FORMAT = dwarf;
				ENABLE_STRICT_OBJC_MSGSEND = YES;
				ENABLE_TESTABILITY = YES;
				GCC_C_LANGUAGE_STANDARD = gnu11;
				GCC_DYNAMIC_NO_PIC = NO;
				GCC_NO_COMMON_BLOCKS = YES;
				GCC_OPTIMIZATION_LEVEL = 0;
				GCC_PREPROCESSOR_DEFINITIONS = (
					"DEBUG=1",
					"$(inherited)",
				);
				GCC_WARN_64_TO_32_BIT_CONVERSION = YES;
				GCC_WARN_ABOUT_RETURN_TYPE = YES_ERROR;
				GCC_WARN_UNDECLARED_SELECTOR = YES;
				GCC_WARN_UNINITIALIZED_AUTOS = YES_AGGRESSIVE;
				GCC_WARN_UNUSED_FUNCTION = YES;
				GCC_WARN_UNUSED_VARIABLE = YES;
				MTL_ENABLE_DEBUG_INFO = INCLUDE_SOURCE;
				MTL_FAST_MATH = YES;
				ONLY_ACTIVE_ARCH = YES;
				SWIFT_ACTIVE_COMPILATION_CONDITIONS = DEBUG;
				SWIFT_OPTIMIZATION_LEVEL = "-Onone";
			};
			name = Debug;
		};
		E0BF3ABB276F566B00FC902E /* Release */ = {
			isa = XCBuildConfiguration;
			buildSettings = {
				ALWAYS_SEARCH_USER_PATHS = NO;
				CLANG_ANALYZER_NONNULL = YES;
				CLANG_ANALYZER_NUMBER_OBJECT_CONVERSION = YES_AGGRESSIVE;
				CLANG_CXX_LANGUAGE_STANDARD = "gnu++17";
				CLANG_CXX_LIBRARY = "libc++";
				CLANG_ENABLE_MODULES = YES;
				CLANG_ENABLE_OBJC_ARC = YES;
				CLANG_ENABLE_OBJC_WEAK = YES;
				CLANG_WARN_BLOCK_CAPTURE_AUTORELEASING = YES;
				CLANG_WARN_BOOL_CONVERSION = YES;
				CLANG_WARN_COMMA = YES;
				CLANG_WARN_CONSTANT_CONVERSION = YES;
				CLANG_WARN_DEPRECATED_OBJC_IMPLEMENTATIONS = YES;
				CLANG_WARN_DIRECT_OBJC_ISA_USAGE = YES_ERROR;
				CLANG_WARN_DOCUMENTATION_COMMENTS = YES;
				CLANG_WARN_EMPTY_BODY = YES;
				CLANG_WARN_ENUM_CONVERSION = YES;
				CLANG_WARN_INFINITE_RECURSION = YES;
				CLANG_WARN_INT_CONVERSION = YES;
				CLANG_WARN_NON_LITERAL_NULL_CONVERSION = YES;
				CLANG_WARN_OBJC_IMPLICIT_RETAIN_SELF = YES;
				CLANG_WARN_OBJC_LITERAL_CONVERSION = YES;
				CLANG_WARN_OBJC_ROOT_CLASS = YES_ERROR;
				CLANG_WARN_QUOTED_INCLUDE_IN_FRAMEWORK_HEADER = YES;
				CLANG_WARN_RANGE_LOOP_ANALYSIS = YES;
				CLANG_WARN_STRICT_PROTOTYPES = YES;
				CLANG_WARN_SUSPICIOUS_MOVE = YES;
				CLANG_WARN_UNGUARDED_AVAILABILITY = YES_AGGRESSIVE;
				CLANG_WARN_UNREACHABLE_CODE = YES;
				CLANG_WARN__DUPLICATE_METHOD_MATCH = YES;
				COPY_PHASE_STRIP = NO;
				DEBUG_INFORMATION_FORMAT = "dwarf-with-dsym";
				ENABLE_NS_ASSERTIONS = NO;
				ENABLE_STRICT_OBJC_MSGSEND = YES;
				GCC_C_LANGUAGE_STANDARD = gnu11;
				GCC_NO_COMMON_BLOCKS = YES;
				GCC_WARN_64_TO_32_BIT_CONVERSION = YES;
				GCC_WARN_ABOUT_RETURN_TYPE = YES_ERROR;
				GCC_WARN_UNDECLARED_SELECTOR = YES;
				GCC_WARN_UNINITIALIZED_AUTOS = YES_AGGRESSIVE;
				GCC_WARN_UNUSED_FUNCTION = YES;
				GCC_WARN_UNUSED_VARIABLE = YES;
				MTL_ENABLE_DEBUG_INFO = NO;
				MTL_FAST_MATH = YES;
				SWIFT_COMPILATION_MODE = wholemodule;
				SWIFT_OPTIMIZATION_LEVEL = "-O";
			};
			name = Release;
		};
		E0BF3ABD276F566B00FC902E /* Debug */ = {
			isa = XCBuildConfiguration;
			buildSettings = {
				ASSETCATALOG_COMPILER_APPICON_NAME = AppIcon;
				ASSETCATALOG_COMPILER_GLOBAL_ACCENT_COLOR_NAME = AccentColor;
				CODE_SIGN_STYLE = Automatic;
				CURRENT_PROJECT_VERSION = 5;
				DEVELOPMENT_TEAM = 497N7524MA;
				ENABLE_PREVIEWS = YES;
				GENERATE_INFOPLIST_FILE = YES;
				INFOPLIST_KEY_UIApplicationSceneManifest_Generation = YES;
				INFOPLIST_KEY_UIApplicationSupportsIndirectInputEvents = YES;
				INFOPLIST_KEY_UILaunchScreen_Generation = YES;
				INFOPLIST_KEY_UISupportedInterfaceOrientations_iPad = "UIInterfaceOrientationPortrait UIInterfaceOrientationPortraitUpsideDown UIInterfaceOrientationLandscapeLeft UIInterfaceOrientationLandscapeRight";
				INFOPLIST_KEY_UISupportedInterfaceOrientations_iPhone = "UIInterfaceOrientationPortrait UIInterfaceOrientationLandscapeLeft UIInterfaceOrientationLandscapeRight";
				IPHONEOS_DEPLOYMENT_TARGET = 15.0;
				LD_RUNPATH_SEARCH_PATHS = (
					"$(inherited)",
					"@executable_path/Frameworks",
				);
				MARKETING_VERSION = 1.0;
				PRODUCT_BUNDLE_IDENTIFIER = com.williamsantoso.ExpenseTrackerNwCD;
				PRODUCT_NAME = "Hitung Uang CD";
				SDKROOT = iphoneos;
				SWIFT_EMIT_LOC_STRINGS = YES;
				SWIFT_VERSION = 5.0;
				TARGETED_DEVICE_FAMILY = "1,2";
			};
			name = Debug;
		};
		E0BF3ABE276F566B00FC902E /* Release */ = {
			isa = XCBuildConfiguration;
			buildSettings = {
				ASSETCATALOG_COMPILER_APPICON_NAME = AppIcon;
				ASSETCATALOG_COMPILER_GLOBAL_ACCENT_COLOR_NAME = AccentColor;
				CODE_SIGN_STYLE = Automatic;
				CURRENT_PROJECT_VERSION = 5;
				DEVELOPMENT_TEAM = 497N7524MA;
				ENABLE_PREVIEWS = YES;
				GENERATE_INFOPLIST_FILE = YES;
				INFOPLIST_KEY_UIApplicationSceneManifest_Generation = YES;
				INFOPLIST_KEY_UIApplicationSupportsIndirectInputEvents = YES;
				INFOPLIST_KEY_UILaunchScreen_Generation = YES;
				INFOPLIST_KEY_UISupportedInterfaceOrientations_iPad = "UIInterfaceOrientationPortrait UIInterfaceOrientationPortraitUpsideDown UIInterfaceOrientationLandscapeLeft UIInterfaceOrientationLandscapeRight";
				INFOPLIST_KEY_UISupportedInterfaceOrientations_iPhone = "UIInterfaceOrientationPortrait UIInterfaceOrientationLandscapeLeft UIInterfaceOrientationLandscapeRight";
				IPHONEOS_DEPLOYMENT_TARGET = 15.0;
				LD_RUNPATH_SEARCH_PATHS = (
					"$(inherited)",
					"@executable_path/Frameworks",
				);
				MARKETING_VERSION = 1.0;
				PRODUCT_BUNDLE_IDENTIFIER = com.williamsantoso.ExpenseTrackerNwCD;
				PRODUCT_NAME = "Hitung Uang CD";
				SDKROOT = iphoneos;
				SWIFT_EMIT_LOC_STRINGS = YES;
				SWIFT_VERSION = 5.0;
				TARGETED_DEVICE_FAMILY = "1,2";
				VALIDATE_PRODUCT = YES;
			};
			name = Release;
		};
		E0BF3AC0276F566B00FC902E /* Debug */ = {
			isa = XCBuildConfiguration;
			buildSettings = {
				ASSETCATALOG_COMPILER_APPICON_NAME = AppIcon;
				ASSETCATALOG_COMPILER_GLOBAL_ACCENT_COLOR_NAME = AccentColor;
				CODE_SIGN_ENTITLEMENTS = macOS/macOS.entitlements;
				CODE_SIGN_IDENTITY = "-";
				CODE_SIGN_STYLE = Automatic;
				COMBINE_HIDPI_IMAGES = YES;
				CURRENT_PROJECT_VERSION = 1;
				DEVELOPMENT_TEAM = 497N7524MA;
				ENABLE_HARDENED_RUNTIME = YES;
				ENABLE_PREVIEWS = YES;
				GENERATE_INFOPLIST_FILE = YES;
				INFOPLIST_KEY_NSHumanReadableCopyright = "";
				LD_RUNPATH_SEARCH_PATHS = (
					"$(inherited)",
					"@executable_path/../Frameworks",
				);
				MACOSX_DEPLOYMENT_TARGET = 12.0;
				MARKETING_VERSION = 1.0;
				PRODUCT_BUNDLE_IDENTIFIER = com.williamsantoso.ExpenseTracker;
				PRODUCT_NAME = ExpenseTracker;
				SDKROOT = macosx;
				SWIFT_EMIT_LOC_STRINGS = YES;
				SWIFT_VERSION = 5.0;
			};
			name = Debug;
		};
		E0BF3AC1276F566B00FC902E /* Release */ = {
			isa = XCBuildConfiguration;
			buildSettings = {
				ASSETCATALOG_COMPILER_APPICON_NAME = AppIcon;
				ASSETCATALOG_COMPILER_GLOBAL_ACCENT_COLOR_NAME = AccentColor;
				CODE_SIGN_ENTITLEMENTS = macOS/macOS.entitlements;
				CODE_SIGN_IDENTITY = "-";
				CODE_SIGN_STYLE = Automatic;
				COMBINE_HIDPI_IMAGES = YES;
				CURRENT_PROJECT_VERSION = 1;
				DEVELOPMENT_TEAM = 497N7524MA;
				ENABLE_HARDENED_RUNTIME = YES;
				ENABLE_PREVIEWS = YES;
				GENERATE_INFOPLIST_FILE = YES;
				INFOPLIST_KEY_NSHumanReadableCopyright = "";
				LD_RUNPATH_SEARCH_PATHS = (
					"$(inherited)",
					"@executable_path/../Frameworks",
				);
				MACOSX_DEPLOYMENT_TARGET = 12.0;
				MARKETING_VERSION = 1.0;
				PRODUCT_BUNDLE_IDENTIFIER = com.williamsantoso.ExpenseTracker;
				PRODUCT_NAME = ExpenseTracker;
				SDKROOT = macosx;
				SWIFT_EMIT_LOC_STRINGS = YES;
				SWIFT_VERSION = 5.0;
			};
			name = Release;
		};
		E0BF3AC3276F566B00FC902E /* Debug */ = {
			isa = XCBuildConfiguration;
			buildSettings = {
				ALWAYS_EMBED_SWIFT_STANDARD_LIBRARIES = YES;
				CODE_SIGN_STYLE = Automatic;
				CURRENT_PROJECT_VERSION = 1;
				DEVELOPMENT_TEAM = 497N7524MA;
				GENERATE_INFOPLIST_FILE = YES;
				IPHONEOS_DEPLOYMENT_TARGET = 15.0;
				LD_RUNPATH_SEARCH_PATHS = (
					"$(inherited)",
					"@executable_path/Frameworks",
					"@loader_path/Frameworks",
				);
				MARKETING_VERSION = 1.0;
				PRODUCT_BUNDLE_IDENTIFIER = "com.williamsantoso.Tests-iOS";
				PRODUCT_NAME = "$(TARGET_NAME)";
				SDKROOT = iphoneos;
				SWIFT_EMIT_LOC_STRINGS = NO;
				SWIFT_VERSION = 5.0;
				TARGETED_DEVICE_FAMILY = "1,2";
				TEST_TARGET_NAME = "ExpenseTracker (iOS)";
			};
			name = Debug;
		};
		E0BF3AC4276F566B00FC902E /* Release */ = {
			isa = XCBuildConfiguration;
			buildSettings = {
				ALWAYS_EMBED_SWIFT_STANDARD_LIBRARIES = YES;
				CODE_SIGN_STYLE = Automatic;
				CURRENT_PROJECT_VERSION = 1;
				DEVELOPMENT_TEAM = 497N7524MA;
				GENERATE_INFOPLIST_FILE = YES;
				IPHONEOS_DEPLOYMENT_TARGET = 15.0;
				LD_RUNPATH_SEARCH_PATHS = (
					"$(inherited)",
					"@executable_path/Frameworks",
					"@loader_path/Frameworks",
				);
				MARKETING_VERSION = 1.0;
				PRODUCT_BUNDLE_IDENTIFIER = "com.williamsantoso.Tests-iOS";
				PRODUCT_NAME = "$(TARGET_NAME)";
				SDKROOT = iphoneos;
				SWIFT_EMIT_LOC_STRINGS = NO;
				SWIFT_VERSION = 5.0;
				TARGETED_DEVICE_FAMILY = "1,2";
				TEST_TARGET_NAME = "ExpenseTracker (iOS)";
				VALIDATE_PRODUCT = YES;
			};
			name = Release;
		};
		E0BF3AC6276F566B00FC902E /* Debug */ = {
			isa = XCBuildConfiguration;
			buildSettings = {
				ALWAYS_EMBED_SWIFT_STANDARD_LIBRARIES = YES;
				CODE_SIGN_STYLE = Automatic;
				COMBINE_HIDPI_IMAGES = YES;
				CURRENT_PROJECT_VERSION = 1;
				DEVELOPMENT_TEAM = 497N7524MA;
				GENERATE_INFOPLIST_FILE = YES;
				LD_RUNPATH_SEARCH_PATHS = (
					"$(inherited)",
					"@executable_path/../Frameworks",
					"@loader_path/../Frameworks",
				);
				MACOSX_DEPLOYMENT_TARGET = 12.0;
				MARKETING_VERSION = 1.0;
				PRODUCT_BUNDLE_IDENTIFIER = "com.williamsantoso.Tests-macOS";
				PRODUCT_NAME = "$(TARGET_NAME)";
				SDKROOT = macosx;
				SWIFT_EMIT_LOC_STRINGS = NO;
				SWIFT_VERSION = 5.0;
				TEST_TARGET_NAME = "ExpenseTracker (macOS)";
			};
			name = Debug;
		};
		E0BF3AC7276F566B00FC902E /* Release */ = {
			isa = XCBuildConfiguration;
			buildSettings = {
				ALWAYS_EMBED_SWIFT_STANDARD_LIBRARIES = YES;
				CODE_SIGN_STYLE = Automatic;
				COMBINE_HIDPI_IMAGES = YES;
				CURRENT_PROJECT_VERSION = 1;
				DEVELOPMENT_TEAM = 497N7524MA;
				GENERATE_INFOPLIST_FILE = YES;
				LD_RUNPATH_SEARCH_PATHS = (
					"$(inherited)",
					"@executable_path/../Frameworks",
					"@loader_path/../Frameworks",
				);
				MACOSX_DEPLOYMENT_TARGET = 12.0;
				MARKETING_VERSION = 1.0;
				PRODUCT_BUNDLE_IDENTIFIER = "com.williamsantoso.Tests-macOS";
				PRODUCT_NAME = "$(TARGET_NAME)";
				SDKROOT = macosx;
				SWIFT_EMIT_LOC_STRINGS = NO;
				SWIFT_VERSION = 5.0;
				TEST_TARGET_NAME = "ExpenseTracker (macOS)";
			};
			name = Release;
		};
/* End XCBuildConfiguration section */

/* Begin XCConfigurationList section */
		E0BF3A83276F566A00FC902E /* Build configuration list for PBXProject "ExpenseTracker" */ = {
			isa = XCConfigurationList;
			buildConfigurations = (
				E0BF3ABA276F566B00FC902E /* Debug */,
				E0BF3ABB276F566B00FC902E /* Release */,
			);
			defaultConfigurationIsVisible = 0;
			defaultConfigurationName = Release;
		};
		E0BF3ABC276F566B00FC902E /* Build configuration list for PBXNativeTarget "ExpenseTracker (iOS)" */ = {
			isa = XCConfigurationList;
			buildConfigurations = (
				E0BF3ABD276F566B00FC902E /* Debug */,
				E0BF3ABE276F566B00FC902E /* Release */,
			);
			defaultConfigurationIsVisible = 0;
			defaultConfigurationName = Release;
		};
		E0BF3ABF276F566B00FC902E /* Build configuration list for PBXNativeTarget "ExpenseTracker (macOS)" */ = {
			isa = XCConfigurationList;
			buildConfigurations = (
				E0BF3AC0276F566B00FC902E /* Debug */,
				E0BF3AC1276F566B00FC902E /* Release */,
			);
			defaultConfigurationIsVisible = 0;
			defaultConfigurationName = Release;
		};
		E0BF3AC2276F566B00FC902E /* Build configuration list for PBXNativeTarget "Tests iOS" */ = {
			isa = XCConfigurationList;
			buildConfigurations = (
				E0BF3AC3276F566B00FC902E /* Debug */,
				E0BF3AC4276F566B00FC902E /* Release */,
			);
			defaultConfigurationIsVisible = 0;
			defaultConfigurationName = Release;
		};
		E0BF3AC5276F566B00FC902E /* Build configuration list for PBXNativeTarget "Tests macOS" */ = {
			isa = XCConfigurationList;
			buildConfigurations = (
				E0BF3AC6276F566B00FC902E /* Debug */,
				E0BF3AC7276F566B00FC902E /* Release */,
			);
			defaultConfigurationIsVisible = 0;
			defaultConfigurationName = Release;
		};
/* End XCConfigurationList section */

/* Begin XCVersionGroup section */
		E0BF3A85276F566B00FC902E /* ExpenseTracker.xcdatamodeld */ = {
			isa = XCVersionGroup;
			children = (
				E0BF3A86276F566B00FC902E /* Shared.xcdatamodel */,
			);
			currentVersion = E0BF3A86276F566B00FC902E /* Shared.xcdatamodel */;
			path = ExpenseTracker.xcdatamodeld;
			sourceTree = "<group>";
			versionGroupType = wrapper.xcdatamodel;
		};
/* End XCVersionGroup section */
	};
	rootObject = E0BF3A80276F566A00FC902E /* Project object */;
}
